PODS:
  - AFNetworking (4.0.1):
    - AFNetworking/NSURLSession (= 4.0.1)
    - AFNetworking/Reachability (= 4.0.1)
    - AFNetworking/Security (= 4.0.1)
    - AFNetworking/Serialization (= 4.0.1)
    - AFNetworking/UIKit (= 4.0.1)
  - AFNetworking/NSURLSession (4.0.1):
    - AFNetworking/Reachability
    - AFNetworking/Security
    - AFNetworking/Serialization
  - AFNetworking/Reachability (4.0.1)
  - AFNetworking/Security (4.0.1)
  - AFNetworking/Serialization (4.0.1)
  - AFNetworking/UIKit (4.0.1):
    - AFNetworking/NSURLSession
  - SDWebImage (5.8.1):
    - SDWebImage/Core (= 5.8.1)
  - SDWebImage/Core (5.8.1)
  - TXIMSDK_iOS (4.8.10)
  - TXLiteAVSDK_Professional (7.2.8940)

DEPENDENCIES:
  - AFNetworking (~> 4.0)
  - SDWebImage (~> 5.0)
  - TXIMSDK_iOS
  - TXLiteAVSDK_Professional (from `http://pod-1252463788.cosgz.myqcloud.com/liteavsdkspec/TXLiteAVSDK_Professional.podspec`)

SPEC REPOS:
  https://github.com/CocoaPods/Specs.git:
    - AFNetworking
    - SDWebImage
    - TXIMSDK_iOS

EXTERNAL SOURCES:
  TXLiteAVSDK_Professional:
    :podspec: http://pod-1252463788.cosgz.myqcloud.com/liteavsdkspec/TXLiteAVSDK_Professional.podspec

SPEC CHECKSUMS:
  AFNetworking: 7864c38297c79aaca1500c33288e429c3451fdce
  SDWebImage: e3eae2eda88578db0685a0c88597fdadd9433f05
  TXIMSDK_iOS: 17de2fef786f78843687cc7bd9592759edd2ec0b
  TXLiteAVSDK_Professional: 4afe0775eeff059219964472fd4fa0f1ea4ca860

PODFILE CHECKSUM: b6c46500eab9f33c97b25dcabba5d8edf3cd81ad

COCOAPODS: 1.9.2
